{
  "name": "hexo-renderer-pejs",
  "version": "0.0.1",
  "lockfileVersion": 1,
  "requires": true,
  "dependencies": {
    "object-assign": {
      "version": "4.1.1",
      "resolved": "https://registry.npmjs.org/object-assign/-/object-assign-4.1.1.tgz",
      "integrity": "sha1-IQmtx5ZYh8/AXLvUQsrIv7s2CGM="
    },
    "pejs": {
      "version": "0.6.5",
      "resolved": "https://registry.npmjs.org/pejs/-/pejs-0.6.5.tgz",
      "integrity": "sha1-4ekEJ2IdXUm6ePc0bT1hIfuTaeA=",
      "requires": {
        "resolve": "~0.5.0"
      }
    },
    "resolve": {
      "version": "0.5.1",
      "resolved": "https://registry.npmjs.org/resolve/-/resolve-0.5.1.tgz",
      "integrity": "sha1-FeSiIsQja81M+FRUQSwtD7ZSRXY="
    }
  }
}
